
Microsoft Visual Studio Solution File, Format Version 12.00
# Visual Studio 15
VisualStudioVersion = 15.0.27428.2043
MinimumVisualStudioVersion = 10.0.40219.1
Project("{9A19103F-16F7-4668-BE54-9A1E7A4F7556}") = "GuardAgainstLib", "GuardAgainstLib\GuardAgainstLib.csproj", "{95AFCC48-6984-41DE-A999-4483CBA2154D}"
EndProject
Project("{9A19103F-16F7-4668-BE54-9A1E7A4F7556}") = "GuardAgainstLib.Test", "GuardAgainstLib.Test\GuardAgainstLib.Test.csproj", "{4D1D7CBF-201E-4299-B470-BC8AA13A7548}"
EndProject
Project("{2150E333-8FDC-42A3-9474-1A3956D46DE8}") = "Solution Items", "Solution Items", "{1D254747-5DED-4F68-AC02-42DA7E55D360}"
	ProjectSection(SolutionItems) = preProject
		.editorconfig = .editorconfig
		..\README.md = ..\README.md
	EndProjectSection
EndProject
Project("{FAE04EC0-301F-11D3-BF4B-00C04F79EFBC}") = "GuardAgainstLib.Analyzers", "GuardAgainstLib.Analyzers\GuardAgainstLib.Analyzers\GuardAgainstLib.Analyzers.csproj", "{282B1C41-293F-4D8E-9EAF-1C5739E5E3AC}"
EndProject
Project("{FAE04EC0-301F-11D3-BF4B-00C04F79EFBC}") = "GuardAgainstLib.Analyzers.Vsix", "GuardAgainstLib.Analyzers\GuardAgainstLib.Analyzers.Vsix\GuardAgainstLib.Analyzers.Vsix.csproj", "{7C626D66-8EB3-4773-ADAB-CA889D17B709}"
EndProject
Global
	GlobalSection(SolutionConfigurationPlatforms) = preSolution
		Debug|Any CPU = Debug|Any CPU
		Release|Any CPU = Release|Any CPU
	EndGlobalSection
	GlobalSection(ProjectConfigurationPlatforms) = postSolution
		{95AFCC48-6984-41DE-A999-4483CBA2154D}.Debug|Any CPU.ActiveCfg = Debug|Any CPU
		{95AFCC48-6984-41DE-A999-4483CBA2154D}.Debug|Any CPU.Build.0 = Debug|Any CPU
		{95AFCC48-6984-41DE-A999-4483CBA2154D}.Release|Any CPU.ActiveCfg = Release|Any CPU
		{95AFCC48-6984-41DE-A999-4483CBA2154D}.Release|Any CPU.Build.0 = Release|Any CPU
		{4D1D7CBF-201E-4299-B470-BC8AA13A7548}.Debug|Any CPU.ActiveCfg = Debug|Any CPU
		{4D1D7CBF-201E-4299-B470-BC8AA13A7548}.Debug|Any CPU.Build.0 = Debug|Any CPU
		{4D1D7CBF-201E-4299-B470-BC8AA13A7548}.Release|Any CPU.ActiveCfg = Release|Any CPU
		{4D1D7CBF-201E-4299-B470-BC8AA13A7548}.Release|Any CPU.Build.0 = Release|Any CPU
		{282B1C41-293F-4D8E-9EAF-1C5739E5E3AC}.Debug|Any CPU.ActiveCfg = Debug|Any CPU
		{282B1C41-293F-4D8E-9EAF-1C5739E5E3AC}.Debug|Any CPU.Build.0 = Debug|Any CPU
		{282B1C41-293F-4D8E-9EAF-1C5739E5E3AC}.Release|Any CPU.ActiveCfg = Release|Any CPU
		{282B1C41-293F-4D8E-9EAF-1C5739E5E3AC}.Release|Any CPU.Build.0 = Release|Any CPU
		{7C626D66-8EB3-4773-ADAB-CA889D17B709}.Debug|Any CPU.ActiveCfg = Debug|Any CPU
		{7C626D66-8EB3-4773-ADAB-CA889D17B709}.Debug|Any CPU.Build.0 = Debug|Any CPU
		{7C626D66-8EB3-4773-ADAB-CA889D17B709}.Release|Any CPU.ActiveCfg = Release|Any CPU
		{7C626D66-8EB3-4773-ADAB-CA889D17B709}.Release|Any CPU.Build.0 = Release|Any CPU
	EndGlobalSection
	GlobalSection(SolutionProperties) = preSolution
		HideSolutionNode = FALSE
	EndGlobalSection
	GlobalSection(ExtensibilityGlobals) = postSolution
		SolutionGuid = {14F124AF-3F60-4A7E-BE7A-B9ADF6C0CB2B}
	EndGlobalSection
EndGlobal
